
Microsoft Visual Studio Solution File, Format Version 12.00
# Visual Studio Version 16
VisualStudioVersion = 16.0.30104.148
MinimumVisualStudioVersion = 10.0.40219.1
Project("{FAE04EC0-301F-11D3-BF4B-00C04F79EFBC}") = "VeronicaFranco", "VeronicaFranco\VeronicaFranco.csproj", "{C991F6F1-D516-4FF9-B385-8778CD883894}"
EndProject
Global
	GlobalSection(SolutionConfigurationPlatforms) = preSolution
		Debug|Any CPU = Debug|Any CPU
		Release|Any CPU = Release|Any CPU
	EndGlobalSection
	GlobalSection(ProjectConfigurationPlatforms) = postSolution
		{C991F6F1-D516-4FF9-B385-8778CD883894}.Debug|Any CPU.ActiveCfg = Debug|Any CPU
		{C991F6F1-D516-4FF9-B385-8778CD883894}.Debug|Any CPU.Build.0 = Debug|Any CPU
		{C991F6F1-D516-4FF9-B385-8778CD883894}.Release|Any CPU.ActiveCfg = Release|Any CPU
		{C991F6F1-D516-4FF9-B385-8778CD883894}.Release|Any CPU.Build.0 = Release|Any CPU
	EndGlobalSection
	GlobalSection(SolutionProperties) = preSolution
		HideSolutionNode = FALSE
	EndGlobalSection
	GlobalSection(ExtensibilityGlobals) = postSolution
		SolutionGuid = {C740CD27-BF11-4EC5-86CF-188E58E8120A}
	EndGlobalSection
EndGlobal
